
Microsoft Visual Studio Solution File, Format Version 12.00
# Visual Studio Version 17
VisualStudioVersion = 17.11.35327.3
MinimumVisualStudioVersion = 10.0.40219.1
Project("{8BC9CEB8-8B4A-11D0-8D11-00A0C91BC942}") = "Masivtask2", "Masivtask2\Masivtask2.vcxproj", "{43FE9975-A973-4E4E-8568-E1479A9196F7}"
EndProject
Global
	GlobalSection(SolutionConfigurationPlatforms) = preSolution
		Debug|x64 = Debug|x64
		Debug|x86 = Debug|x86
		Release|x64 = Release|x64
		Release|x86 = Release|x86
	EndGlobalSection
	GlobalSection(ProjectConfigurationPlatforms) = postSolution
		{43FE9975-A973-4E4E-8568-E1479A9196F7}.Debug|x64.ActiveCfg = Debug|x64
		{43FE9975-A973-4E4E-8568-E1479A9196F7}.Debug|x64.Build.0 = Debug|x64
		{43FE9975-A973-4E4E-8568-E1479A9196F7}.Debug|x86.ActiveCfg = Debug|Win32
		{43FE9975-A973-4E4E-8568-E1479A9196F7}.Debug|x86.Build.0 = Debug|Win32
		{43FE9975-A973-4E4E-8568-E1479A9196F7}.Release|x64.ActiveCfg = Release|x64
		{43FE9975-A973-4E4E-8568-E1479A9196F7}.Release|x64.Build.0 = Release|x64
		{43FE9975-A973-4E4E-8568-E1479A9196F7}.Release|x86.ActiveCfg = Release|Win32
		{43FE9975-A973-4E4E-8568-E1479A9196F7}.Release|x86.Build.0 = Release|Win32
	EndGlobalSection
	GlobalSection(SolutionProperties) = preSolution
		HideSolutionNode = FALSE
	EndGlobalSection
	GlobalSection(ExtensibilityGlobals) = postSolution
		SolutionGuid = {6F0C7246-890F-4FC4-BA8E-F5853C5DB631}
	EndGlobalSection
EndGlobal
